
Microsoft Visual Studio Solution File, Format Version 12.00
# Visual Studio Version 16
VisualStudioVersion = 16.0.30011.22
MinimumVisualStudioVersion = 10.0.40219.1
Project("{FAE04EC0-301F-11D3-BF4B-00C04F79EFBC}") = "GitLabAppSergey", "GitLabAppSergey\GitLabAppSergey.csproj", "{1997E35D-38FF-4019-8547-FC350C92035F}"
EndProject
Global
	GlobalSection(SolutionConfigurationPlatforms) = preSolution
		Debug|Any CPU = Debug|Any CPU
		Release|Any CPU = Release|Any CPU
	EndGlobalSection
	GlobalSection(ProjectConfigurationPlatforms) = postSolution
		{1997E35D-38FF-4019-8547-FC350C92035F}.Debug|Any CPU.ActiveCfg = Debug|Any CPU
		{1997E35D-38FF-4019-8547-FC350C92035F}.Debug|Any CPU.Build.0 = Debug|Any CPU
		{1997E35D-38FF-4019-8547-FC350C92035F}.Release|Any CPU.ActiveCfg = Release|Any CPU
		{1997E35D-38FF-4019-8547-FC350C92035F}.Release|Any CPU.Build.0 = Release|Any CPU
	EndGlobalSection
	GlobalSection(SolutionProperties) = preSolution
		HideSolutionNode = FALSE
	EndGlobalSection
	GlobalSection(ExtensibilityGlobals) = postSolution
		SolutionGuid = {77AD785B-2BC0-4923-852B-36CA4E6607AD}
	EndGlobalSection
EndGlobal
